
Microsoft Visual Studio Solution File, Format Version 12.00
# Visual Studio 15
VisualStudioVersion = 15.0.28010.2048
MinimumVisualStudioVersion = 10.0.40219.1
Project("{FAE04EC0-301F-11D3-BF4B-00C04F79EFBC}") = "Friends.console", "Friends.console\Friends.console.csproj", "{6CBC710B-867D-4F01-835A-AF9B2C91E049}"
EndProject
Project("{FAE04EC0-301F-11D3-BF4B-00C04F79EFBC}") = "Friends.Test", "Friends.Test\Friends.Test.csproj", "{6938B293-9427-40B8-AB52-87F8D4358715}"
EndProject
Project("{9A19103F-16F7-4668-BE54-9A1E7A4F7556}") = "Friends.API", "Friends.API\Friends.API.csproj", "{4402FA55-E40F-486C-ADC3-A9D63A9C41C1}"
EndProject
Project("{9A19103F-16F7-4668-BE54-9A1E7A4F7556}") = "Friends.Repository", "Friends.Repository\Friends.Repository.csproj", "{4D2F9EFB-9C4E-4F62-A1A5-37048DEAD110}"
EndProject
Project("{9A19103F-16F7-4668-BE54-9A1E7A4F7556}") = "Friends.Entities", "Friends.Entities\Friends.Entities.csproj", "{A978D6E8-9D0F-40CE-9135-F3F073E76D18}"
EndProject
Project("{FAE04EC0-301F-11D3-BF4B-00C04F79EFBC}") = "Friends.SPA", "Friends.SPA\Friends.SPA.csproj", "{5B41A484-24BF-455B-B9D1-D0950165617D}"
EndProject
Global
	GlobalSection(SolutionConfigurationPlatforms) = preSolution
		Debug|Any CPU = Debug|Any CPU
		Release|Any CPU = Release|Any CPU
	EndGlobalSection
	GlobalSection(ProjectConfigurationPlatforms) = postSolution
		{6CBC710B-867D-4F01-835A-AF9B2C91E049}.Debug|Any CPU.ActiveCfg = Debug|Any CPU
		{6CBC710B-867D-4F01-835A-AF9B2C91E049}.Debug|Any CPU.Build.0 = Debug|Any CPU
		{6CBC710B-867D-4F01-835A-AF9B2C91E049}.Release|Any CPU.ActiveCfg = Release|Any CPU
		{6CBC710B-867D-4F01-835A-AF9B2C91E049}.Release|Any CPU.Build.0 = Release|Any CPU
		{6938B293-9427-40B8-AB52-87F8D4358715}.Debug|Any CPU.ActiveCfg = Debug|Any CPU
		{6938B293-9427-40B8-AB52-87F8D4358715}.Debug|Any CPU.Build.0 = Debug|Any CPU
		{6938B293-9427-40B8-AB52-87F8D4358715}.Release|Any CPU.ActiveCfg = Release|Any CPU
		{6938B293-9427-40B8-AB52-87F8D4358715}.Release|Any CPU.Build.0 = Release|Any CPU
		{4402FA55-E40F-486C-ADC3-A9D63A9C41C1}.Debug|Any CPU.ActiveCfg = Debug|Any CPU
		{4402FA55-E40F-486C-ADC3-A9D63A9C41C1}.Debug|Any CPU.Build.0 = Debug|Any CPU
		{4402FA55-E40F-486C-ADC3-A9D63A9C41C1}.Release|Any CPU.ActiveCfg = Release|Any CPU
		{4402FA55-E40F-486C-ADC3-A9D63A9C41C1}.Release|Any CPU.Build.0 = Release|Any CPU
		{4D2F9EFB-9C4E-4F62-A1A5-37048DEAD110}.Debug|Any CPU.ActiveCfg = Debug|Any CPU
		{4D2F9EFB-9C4E-4F62-A1A5-37048DEAD110}.Debug|Any CPU.Build.0 = Debug|Any CPU
		{4D2F9EFB-9C4E-4F62-A1A5-37048DEAD110}.Release|Any CPU.ActiveCfg = Release|Any CPU
		{4D2F9EFB-9C4E-4F62-A1A5-37048DEAD110}.Release|Any CPU.Build.0 = Release|Any CPU
		{A978D6E8-9D0F-40CE-9135-F3F073E76D18}.Debug|Any CPU.ActiveCfg = Debug|Any CPU
		{A978D6E8-9D0F-40CE-9135-F3F073E76D18}.Debug|Any CPU.Build.0 = Debug|Any CPU
		{A978D6E8-9D0F-40CE-9135-F3F073E76D18}.Release|Any CPU.ActiveCfg = Release|Any CPU
		{A978D6E8-9D0F-40CE-9135-F3F073E76D18}.Release|Any CPU.Build.0 = Release|Any CPU
		{5B41A484-24BF-455B-B9D1-D0950165617D}.Debug|Any CPU.ActiveCfg = Debug|Any CPU
		{5B41A484-24BF-455B-B9D1-D0950165617D}.Debug|Any CPU.Build.0 = Debug|Any CPU
		{5B41A484-24BF-455B-B9D1-D0950165617D}.Release|Any CPU.ActiveCfg = Release|Any CPU
		{5B41A484-24BF-455B-B9D1-D0950165617D}.Release|Any CPU.Build.0 = Release|Any CPU
	EndGlobalSection
	GlobalSection(SolutionProperties) = preSolution
		HideSolutionNode = FALSE
	EndGlobalSection
	GlobalSection(ExtensibilityGlobals) = postSolution
		SolutionGuid = {BAE58995-29AC-4EDB-BDEF-F607009DED06}
	EndGlobalSection
EndGlobal
